
Microsoft Visual Studio Solution File, Format Version 12.00
# Visual Studio Version 16
VisualStudioVersion = 16.0.28803.452
MinimumVisualStudioVersion = 10.0.40219.1
Project("{FAE04EC0-301F-11D3-BF4B-00C04F79EFBC}") = "loginForms", "loginForms\loginForms.csproj", "{71F715B4-47BB-4EAF-AA96-C812BC85058A}"
EndProject
Global
	GlobalSection(SolutionConfigurationPlatforms) = preSolution
		Debug|Any CPU = Debug|Any CPU
		Release|Any CPU = Release|Any CPU
	EndGlobalSection
	GlobalSection(ProjectConfigurationPlatforms) = postSolution
		{71F715B4-47BB-4EAF-AA96-C812BC85058A}.Debug|Any CPU.ActiveCfg = Debug|Any CPU
		{71F715B4-47BB-4EAF-AA96-C812BC85058A}.Debug|Any CPU.Build.0 = Debug|Any CPU
		{71F715B4-47BB-4EAF-AA96-C812BC85058A}.Release|Any CPU.ActiveCfg = Release|Any CPU
		{71F715B4-47BB-4EAF-AA96-C812BC85058A}.Release|Any CPU.Build.0 = Release|Any CPU
	EndGlobalSection
	GlobalSection(SolutionProperties) = preSolution
		HideSolutionNode = FALSE
	EndGlobalSection
	GlobalSection(ExtensibilityGlobals) = postSolution
		SolutionGuid = {E97F9A4D-6940-4136-992D-5C6D89D36C0C}
	EndGlobalSection
EndGlobal
